// !$*UTF8*$!
{
	archiveVersion = 1;
	classes = {
	};
	objectVersion = 55;
	objects = {

/* Begin PBXBuildFile section */
		42CC5E06277B0BC6002B3866 /* DealDetailView.swift in Sources */ = {isa = PBXBuildFile; fileRef = 42CC5E05277B0BC6002B3866 /* DealDetailView.swift */; };
		42CC5E08277B0C14002B3866 /* DealDetailViewModel.swift in Sources */ = {isa = PBXBuildFile; fileRef = 42CC5E07277B0C14002B3866 /* DealDetailViewModel.swift */; };
		4D478F222767D5610026CBED /* SignUpView.swift in Sources */ = {isa = PBXBuildFile; fileRef = 4D478F212767D5610026CBED /* SignUpView.swift */; };
		4D478F242767D7730026CBED /* Utilities.swift in Sources */ = {isa = PBXBuildFile; fileRef = 4D478F232767D7730026CBED /* Utilities.swift */; };
		4D478F262767EA220026CBED /* HomeView.swift in Sources */ = {isa = PBXBuildFile; fileRef = 4D478F252767EA210026CBED /* HomeView.swift */; };
		4D71000527608D7900A08F36 /* LoginView.swift in Sources */ = {isa = PBXBuildFile; fileRef = 4D71000427608D7900A08F36 /* LoginView.swift */; };
		4D71FFF027608B8C00A08F36 /* Real_Estate_App.swift in Sources */ = {isa = PBXBuildFile; fileRef = 4D71FFEF27608B8C00A08F36 /* Real_Estate_App.swift */; };
		4D71FFF427608B8D00A08F36 /* Assets.xcassets in Resources */ = {isa = PBXBuildFile; fileRef = 4D71FFF327608B8D00A08F36 /* Assets.xcassets */; };
		4D71FFF727608B8D00A08F36 /* Preview Assets.xcassets in Resources */ = {isa = PBXBuildFile; fileRef = 4D71FFF627608B8D00A08F36 /* Preview Assets.xcassets */; };
		4D7D922A276713E900444CBE /* Constants.swift in Sources */ = {isa = PBXBuildFile; fileRef = 4D7D9229276713E900444CBE /* Constants.swift */; };
		4DB6F984276B479E009A0B79 /* CustomEntryFieldView.swift in Sources */ = {isa = PBXBuildFile; fileRef = 4DB6F983276B479E009A0B79 /* CustomEntryFieldView.swift */; };
		4DBEE31B27748D4B00FB6338 /* CoreDataManager.swift in Sources */ = {isa = PBXBuildFile; fileRef = 4DBEE31A27748D4B00FB6338 /* CoreDataManager.swift */; };
		4DBEE3202775364500FB6338 /* Real Estate App.xcdatamodeld in Sources */ = {isa = PBXBuildFile; fileRef = 4DBEE31E2775364500FB6338 /* Real Estate App.xcdatamodeld */; };
		4DBEE3232775369300FB6338 /* User+CoreDataClass.swift in Sources */ = {isa = PBXBuildFile; fileRef = 4DBEE3212775369300FB6338 /* User+CoreDataClass.swift */; };
		4DBEE3242775369300FB6338 /* User+CoreDataProperties.swift in Sources */ = {isa = PBXBuildFile; fileRef = 4DBEE3222775369300FB6338 /* User+CoreDataProperties.swift */; };
		4DD3CEB4276A1321000F8CC0 /* WelcomeView.swift in Sources */ = {isa = PBXBuildFile; fileRef = 4DD3CEB3276A1321000F8CC0 /* WelcomeView.swift */; };
		4DD3CEB6276A9B5A000F8CC0 /* SignUpViewModel.swift in Sources */ = {isa = PBXBuildFile; fileRef = 4DD3CEB5276A9B5A000F8CC0 /* SignUpViewModel.swift */; };
		4DD542022761F317004C8414 /* Credentials.swift in Sources */ = {isa = PBXBuildFile; fileRef = 4DD542012761F317004C8414 /* Credentials.swift */; };
		4DD542042762075B004C8414 /* LoginViewModel.swift in Sources */ = {isa = PBXBuildFile; fileRef = 4DD542032762075B004C8414 /* LoginViewModel.swift */; };
/* End PBXBuildFile section */

/* Begin PBXFileReference section */
		42CC5E05277B0BC6002B3866 /* DealDetailView.swift */ = {isa = PBXFileReference; lastKnownFileType = sourcecode.swift; path = DealDetailView.swift; sourceTree = "<group>"; };
		42CC5E07277B0C14002B3866 /* DealDetailViewModel.swift */ = {isa = PBXFileReference; lastKnownFileType = sourcecode.swift; name = DealDetailViewModel.swift; path = "Real Estate App/Views/DealDetailViewModel.swift"; sourceTree = SOURCE_ROOT; };
		4D478F212767D5610026CBED /* SignUpView.swift */ = {isa = PBXFileReference; lastKnownFileType = sourcecode.swift; path = SignUpView.swift; sourceTree = "<group>"; };
		4D478F232767D7730026CBED /* Utilities.swift */ = {isa = PBXFileReference; lastKnownFileType = sourcecode.swift; path = Utilities.swift; sourceTree = "<group>"; };
		4D478F252767EA210026CBED /* HomeView.swift */ = {isa = PBXFileReference; lastKnownFileType = sourcecode.swift; path = HomeView.swift; sourceTree = "<group>"; };
		4D71000427608D7900A08F36 /* LoginView.swift */ = {isa = PBXFileReference; lastKnownFileType = sourcecode.swift; path = LoginView.swift; sourceTree = "<group>"; };
		4D71FFEC27608B8C00A08F36 /* Real Estate App.app */ = {isa = PBXFileReference; explicitFileType = wrapper.application; includeInIndex = 0; path = "Real Estate App.app"; sourceTree = BUILT_PRODUCTS_DIR; };
		4D71FFEF27608B8C00A08F36 /* Real_Estate_App.swift */ = {isa = PBXFileReference; lastKnownFileType = sourcecode.swift; path = Real_Estate_App.swift; sourceTree = "<group>"; };
		4D71FFF327608B8D00A08F36 /* Assets.xcassets */ = {isa = PBXFileReference; lastKnownFileType = folder.assetcatalog; path = Assets.xcassets; sourceTree = "<group>"; };
		4D71FFF627608B8D00A08F36 /* Preview Assets.xcassets */ = {isa = PBXFileReference; lastKnownFileType = folder.assetcatalog; path = "Preview Assets.xcassets"; sourceTree = "<group>"; };
		4D7D9229276713E900444CBE /* Constants.swift */ = {isa = PBXFileReference; lastKnownFileType = sourcecode.swift; path = Constants.swift; sourceTree = "<group>"; };
		4DB6F983276B479E009A0B79 /* CustomEntryFieldView.swift */ = {isa = PBXFileReference; lastKnownFileType = sourcecode.swift; path = CustomEntryFieldView.swift; sourceTree = "<group>"; };
		4DBEE31A27748D4B00FB6338 /* CoreDataManager.swift */ = {isa = PBXFileReference; lastKnownFileType = sourcecode.swift; path = CoreDataManager.swift; sourceTree = "<group>"; };
		4DBEE31F2775364500FB6338 /* Real Estate App.xcdatamodel */ = {isa = PBXFileReference; lastKnownFileType = wrapper.xcdatamodel; path = "Real Estate App.xcdatamodel"; sourceTree = "<group>"; };
		4DBEE3212775369300FB6338 /* User+CoreDataClass.swift */ = {isa = PBXFileReference; lastKnownFileType = sourcecode.swift; path = "User+CoreDataClass.swift"; sourceTree = "<group>"; };
		4DBEE3222775369300FB6338 /* User+CoreDataProperties.swift */ = {isa = PBXFileReference; lastKnownFileType = sourcecode.swift; path = "User+CoreDataProperties.swift"; sourceTree = "<group>"; };
		4DD3CEB3276A1321000F8CC0 /* WelcomeView.swift */ = {isa = PBXFileReference; lastKnownFileType = sourcecode.swift; path = WelcomeView.swift; sourceTree = "<group>"; };
		4DD3CEB5276A9B5A000F8CC0 /* SignUpViewModel.swift */ = {isa = PBXFileReference; lastKnownFileType = sourcecode.swift; path = SignUpViewModel.swift; sourceTree = "<group>"; };
		4DD542012761F317004C8414 /* Credentials.swift */ = {isa = PBXFileReference; lastKnownFileType = sourcecode.swift; path = Credentials.swift; sourceTree = "<group>"; };
		4DD542032762075B004C8414 /* LoginViewModel.swift */ = {isa = PBXFileReference; lastKnownFileType = sourcecode.swift; path = LoginViewModel.swift; sourceTree = "<group>"; };
/* End PBXFileReference section */

/* Begin PBXFrameworksBuildPhase section */
		4D71FFE927608B8C00A08F36 /* Frameworks */ = {
			isa = PBXFrameworksBuildPhase;
			buildActionMask = 2147483647;
			files = (
			);
			runOnlyForDeploymentPostprocessing = 0;
		};
/* End PBXFrameworksBuildPhase section */

/* Begin PBXGroup section */
		4D71FFE327608B8C00A08F36 = {
			isa = PBXGroup;
			children = (
				4D71FFEE27608B8C00A08F36 /* Real Estate App */,
				4D71FFED27608B8C00A08F36 /* Products */,
			);
			sourceTree = "<group>";
		};
		4D71FFED27608B8C00A08F36 /* Products */ = {
			isa = PBXGroup;
			children = (
				4D71FFEC27608B8C00A08F36 /* Real Estate App.app */,
			);
			name = Products;
			sourceTree = "<group>";
		};
		4D71FFEE27608B8C00A08F36 /* Real Estate App */ = {
			isa = PBXGroup;
			children = (
				4DBEE3212775369300FB6338 /* User+CoreDataClass.swift */,
				4DBEE3222775369300FB6338 /* User+CoreDataProperties.swift */,
				4DBEE31927748D3400FB6338 /* CoreDataManager */,
				4D7D9228276713CE00444CBE /* Helpers */,
				4DD541FE2761EC4B004C8414 /* Models */,
				4DD542002761EC5D004C8414 /* Views */,
				4DD541FF2761EC52004C8414 /* ViewModel */,
				4D71FFEF27608B8C00A08F36 /* Real_Estate_App.swift */,
				4DBEE31E2775364500FB6338 /* Real Estate App.xcdatamodeld */,
				4D71FFF327608B8D00A08F36 /* Assets.xcassets */,
				4D71FFF527608B8D00A08F36 /* Preview Content */,
			);
			path = "Real Estate App";
			sourceTree = "<group>";
		};
		4D71FFF527608B8D00A08F36 /* Preview Content */ = {
			isa = PBXGroup;
			children = (
				4D71FFF627608B8D00A08F36 /* Preview Assets.xcassets */,
			);
			path = "Preview Content";
			sourceTree = "<group>";
		};
		4D7D9228276713CE00444CBE /* Helpers */ = {
			isa = PBXGroup;
			children = (
				4D7D9229276713E900444CBE /* Constants.swift */,
				4D478F232767D7730026CBED /* Utilities.swift */,
			);
			path = Helpers;
			sourceTree = "<group>";
		};
		4DBEE31927748D3400FB6338 /* CoreDataManager */ = {
			isa = PBXGroup;
			children = (
				4DBEE31A27748D4B00FB6338 /* CoreDataManager.swift */,
			);
			path = CoreDataManager;
			sourceTree = "<group>";
		};
		4DD541FE2761EC4B004C8414 /* Models */ = {
			isa = PBXGroup;
			children = (
				4DD542012761F317004C8414 /* Credentials.swift */,
			);
			path = Models;
			sourceTree = "<group>";
		};
		4DD541FF2761EC52004C8414 /* ViewModel */ = {
			isa = PBXGroup;
			children = (
				42CC5E07277B0C14002B3866 /* DealDetailViewModel.swift */,
				4DD542032762075B004C8414 /* LoginViewModel.swift */,
				4DD3CEB5276A9B5A000F8CC0 /* SignUpViewModel.swift */,
			);
			path = ViewModel;
			sourceTree = "<group>";
		};
		4DD542002761EC5D004C8414 /* Views */ = {
			isa = PBXGroup;
			children = (
				42CC5E05277B0BC6002B3866 /* DealDetailView.swift */,
				4D71000427608D7900A08F36 /* LoginView.swift */,
				4D478F212767D5610026CBED /* SignUpView.swift */,
				4DD3CEB3276A1321000F8CC0 /* WelcomeView.swift */,
				4D478F252767EA210026CBED /* HomeView.swift */,
				4DB6F983276B479E009A0B79 /* CustomEntryFieldView.swift */,
			);
			path = Views;
			sourceTree = "<group>";
		};
/* End PBXGroup section */

/* Begin PBXNativeTarget section */
		4D71FFEB27608B8C00A08F36 /* Real Estate App */ = {
			isa = PBXNativeTarget;
			buildConfigurationList = 4D71FFFF27608B8D00A08F36 /* Build configuration list for PBXNativeTarget "Real Estate App" */;
			buildPhases = (
				4D71FFE827608B8C00A08F36 /* Sources */,
				4D71FFE927608B8C00A08F36 /* Frameworks */,
				4D71FFEA27608B8C00A08F36 /* Resources */,
			);
			buildRules = (
			);
			dependencies = (
			);
			name = "Real Estate App";
			productName = "Real Estate App";
			productReference = 4D71FFEC27608B8C00A08F36 /* Real Estate App.app */;
			productType = "com.apple.product-type.application";
		};
/* End PBXNativeTarget section */

/* Begin PBXProject section */
		4D71FFE427608B8C00A08F36 /* Project object */ = {
			isa = PBXProject;
			attributes = {
				BuildIndependentTargetsInParallel = 1;
				LastSwiftUpdateCheck = 1310;
				LastUpgradeCheck = 1310;
				TargetAttributes = {
					4D71FFEB27608B8C00A08F36 = {
						CreatedOnToolsVersion = 13.1;
					};
				};
			};
			buildConfigurationList = 4D71FFE727608B8C00A08F36 /* Build configuration list for PBXProject "Real Estate App" */;
			compatibilityVersion = "Xcode 13.0";
			developmentRegion = en;
			hasScannedForEncodings = 0;
			knownRegions = (
				en,
				Base,
			);
			mainGroup = 4D71FFE327608B8C00A08F36;
			productRefGroup = 4D71FFED27608B8C00A08F36 /* Products */;
			projectDirPath = "";
			projectRoot = "";
			targets = (
				4D71FFEB27608B8C00A08F36 /* Real Estate App */,
			);
		};
/* End PBXProject section */

/* Begin PBXResourcesBuildPhase section */
		4D71FFEA27608B8C00A08F36 /* Resources */ = {
			isa = PBXResourcesBuildPhase;
			buildActionMask = 2147483647;
			files = (
				4D71FFF727608B8D00A08F36 /* Preview Assets.xcassets in Resources */,
				4D71FFF427608B8D00A08F36 /* Assets.xcassets in Resources */,
			);
			runOnlyForDeploymentPostprocessing = 0;
		};
/* End PBXResourcesBuildPhase section */

/* Begin PBXSourcesBuildPhase section */
		4D71FFE827608B8C00A08F36 /* Sources */ = {
			isa = PBXSourcesBuildPhase;
			buildActionMask = 2147483647;
			files = (
				4DD542022761F317004C8414 /* Credentials.swift in Sources */,
				4DB6F984276B479E009A0B79 /* CustomEntryFieldView.swift in Sources */,
				4DBEE31B27748D4B00FB6338 /* CoreDataManager.swift in Sources */,
				4D71000527608D7900A08F36 /* LoginView.swift in Sources */,
				4D478F262767EA220026CBED /* HomeView.swift in Sources */,
				4DBEE3242775369300FB6338 /* User+CoreDataProperties.swift in Sources */,
				4DBEE3232775369300FB6338 /* User+CoreDataClass.swift in Sources */,
				4DD3CEB6276A9B5A000F8CC0 /* SignUpViewModel.swift in Sources */,
				4D71FFF027608B8C00A08F36 /* Real_Estate_App.swift in Sources */,
				4DD542042762075B004C8414 /* LoginViewModel.swift in Sources */,
				4D478F222767D5610026CBED /* SignUpView.swift in Sources */,
				42CC5E06277B0BC6002B3866 /* DealDetailView.swift in Sources */,
				4D478F242767D7730026CBED /* Utilities.swift in Sources */,
				4D7D922A276713E900444CBE /* Constants.swift in Sources */,
				4DD3CEB4276A1321000F8CC0 /* WelcomeView.swift in Sources */,
				42CC5E08277B0C14002B3866 /* DealDetailViewModel.swift in Sources */,
				4DBEE3202775364500FB6338 /* Real Estate App.xcdatamodeld in Sources */,
			);
			runOnlyForDeploymentPostprocessing = 0;
		};
/* End PBXSourcesBuildPhase section */

/* Begin XCBuildConfiguration section */
		4D71000027608B8D00A08F36 /* Debug */ = {
			isa = XCBuildConfiguration;
			buildSettings = {
				ASSETCATALOG_COMPILER_APPICON_NAME = AppIcon;
				ASSETCATALOG_COMPILER_GLOBAL_ACCENT_COLOR_NAME = AccentColor;
				CODE_SIGN_STYLE = Automatic;
				CURRENT_PROJECT_VERSION = 1;
				DEVELOPMENT_ASSET_PATHS = "\"Real Estate App/Preview Content\"";
				ENABLE_PREVIEWS = YES;
				GENERATE_INFOPLIST_FILE = YES;
				INFOPLIST_FILE = "Real-Estate-App-Info.plist";
				INFOPLIST_KEY_UIApplicationSceneManifest_Generation = YES;
				INFOPLIST_KEY_UIApplicationSupportsIndirectInputEvents = YES;
				INFOPLIST_KEY_UILaunchScreen_Generation = YES;
				INFOPLIST_KEY_UISupportedInterfaceOrientations_iPad = "UIInterfaceOrientationPortrait UIInterfaceOrientationPortraitUpsideDown UIInterfaceOrientationLandscapeLeft UIInterfaceOrientationLandscapeRight";
				INFOPLIST_KEY_UISupportedInterfaceOrientations_iPhone = "UIInterfaceOrientationPortrait UIInterfaceOrientationLandscapeLeft UIInterfaceOrientationLandscapeRight";
				IPHONEOS_DEPLOYMENT_TARGET = 15.0;
				LD_RUNPATH_SEARCH_PATHS = (
					"$(inherited)",
					"@executable_path/Frameworks",
				);
				MARKETING_VERSION = 1.0;
				PRODUCT_BUNDLE_IDENTIFIER = "com.arifashraf.Real-Estate-App";
				PRODUCT_NAME = "$(TARGET_NAME)";
				SWIFT_EMIT_LOC_STRINGS = YES;
				SWIFT_VERSION = 5.0;
				TARGETED_DEVICE_FAMILY = "1,2";
			};
			name = Debug;
		};
		4D71000127608B8D00A08F36 /* Release */ = {
			isa = XCBuildConfiguration;
			buildSettings = {
				ASSETCATALOG_COMPILER_APPICON_NAME = AppIcon;
				ASSETCATALOG_COMPILER_GLOBAL_ACCENT_COLOR_NAME = AccentColor;
				CODE_SIGN_STYLE = Automatic;
				CURRENT_PROJECT_VERSION = 1;
				DEVELOPMENT_ASSET_PATHS = "\"Real Estate App/Preview Content\"";
				ENABLE_PREVIEWS = YES;
				GENERATE_INFOPLIST_FILE = YES;
				INFOPLIST_FILE = "Real-Estate-App-Info.plist";
				INFOPLIST_KEY_UIApplicationSceneManifest_Generation = YES;
				INFOPLIST_KEY_UIApplicationSupportsIndirectInputEvents = YES;
				INFOPLIST_KEY_UILaunchScreen_Generation = YES;
				INFOPLIST_KEY_UISupportedInterfaceOrientations_iPad = "UIInterfaceOrientationPortrait UIInterfaceOrientationPortraitUpsideDown UIInterfaceOrientationLandscapeLeft UIInterfaceOrientationLandscapeRight";
				INFOPLIST_KEY_UISupportedInterfaceOrientations_iPhone = "UIInterfaceOrientationPortrait UIInterfaceOrientationLandscapeLeft UIInterfaceOrientationLandscapeRight";
				IPHONEOS_DEPLOYMENT_TARGET = 15.0;
				LD_RUNPATH_SEARCH_PATHS = (
					"$(inherited)",
					"@executable_path/Frameworks",
				);
				MARKETING_VERSION = 1.0;
				PRODUCT_BUNDLE_IDENTIFIER = "com.arifashraf.Real-Estate-App";
				PRODUCT_NAME = "$(TARGET_NAME)";
				SWIFT_EMIT_LOC_STRINGS = YES;
				SWIFT_VERSION = 5.0;
				TARGETED_DEVICE_FAMILY = "1,2";
			};
			name = Release;
		};
		4D71FFFD27608B8D00A08F36 /* Debug */ = {
			isa = XCBuildConfiguration;
			buildSettings = {
				ALWAYS_SEARCH_USER_PATHS = NO;
				CLANG_ANALYZER_NONNULL = YES;
				CLANG_ANALYZER_NUMBER_OBJECT_CONVERSION = YES_AGGRESSIVE;
				CLANG_CXX_LANGUAGE_STANDARD = "gnu++17";
				CLANG_CXX_LIBRARY = "libc++";
				CLANG_ENABLE_MODULES = YES;
				CLANG_ENABLE_OBJC_ARC = YES;
				CLANG_ENABLE_OBJC_WEAK = YES;
				CLANG_WARN_BLOCK_CAPTURE_AUTORELEASING = YES;
				CLANG_WARN_BOOL_CONVERSION = YES;
				CLANG_WARN_COMMA = YES;
				CLANG_WARN_CONSTANT_CONVERSION = YES;
				CLANG_WARN_DEPRECATED_OBJC_IMPLEMENTATIONS = YES;
				CLANG_WARN_DIRECT_OBJC_ISA_USAGE = YES_ERROR;
				CLANG_WARN_DOCUMENTATION_COMMENTS = YES;
				CLANG_WARN_EMPTY_BODY = YES;
				CLANG_WARN_ENUM_CONVERSION = YES;
				CLANG_WARN_INFINITE_RECURSION = YES;
				CLANG_WARN_INT_CONVERSION = YES;
				CLANG_WARN_NON_LITERAL_NULL_CONVERSION = YES;
				CLANG_WARN_OBJC_IMPLICIT_RETAIN_SELF = YES;
				CLANG_WARN_OBJC_LITERAL_CONVERSION = YES;
				CLANG_WARN_OBJC_ROOT_CLASS = YES_ERROR;
				CLANG_WARN_QUOTED_INCLUDE_IN_FRAMEWORK_HEADER = YES;
				CLANG_WARN_RANGE_LOOP_ANALYSIS = YES;
				CLANG_WARN_STRICT_PROTOTYPES = YES;
				CLANG_WARN_SUSPICIOUS_MOVE = YES;
				CLANG_WARN_UNGUARDED_AVAILABILITY = YES_AGGRESSIVE;
				CLANG_WARN_UNREACHABLE_CODE = YES;
				CLANG_WARN__DUPLICATE_METHOD_MATCH = YES;
				COPY_PHASE_STRIP = NO;
				DEBUG_INFORMATION_FORMAT = dwarf;
				ENABLE_STRICT_OBJC_MSGSEND = YES;
				ENABLE_TESTABILITY = YES;
				GCC_C_LANGUAGE_STANDARD = gnu11;
				GCC_DYNAMIC_NO_PIC = NO;
				GCC_NO_COMMON_BLOCKS = YES;
				GCC_OPTIMIZATION_LEVEL = 0;
				GCC_PREPROCESSOR_DEFINITIONS = (
					"DEBUG=1",
					"$(inherited)",
				);
				GCC_WARN_64_TO_32_BIT_CONVERSION = YES;
				GCC_WARN_ABOUT_RETURN_TYPE = YES_ERROR;
				GCC_WARN_UNDECLARED_SELECTOR = YES;
				GCC_WARN_UNINITIALIZED_AUTOS = YES_AGGRESSIVE;
				GCC_WARN_UNUSED_FUNCTION = YES;
				GCC_WARN_UNUSED_VARIABLE = YES;
				IPHONEOS_DEPLOYMENT_TARGET = 15.2;
				MTL_ENABLE_DEBUG_INFO = INCLUDE_SOURCE;
				MTL_FAST_MATH = YES;
				ONLY_ACTIVE_ARCH = YES;
				SDKROOT = iphoneos;
				SWIFT_ACTIVE_COMPILATION_CONDITIONS = DEBUG;
				SWIFT_OPTIMIZATION_LEVEL = "-Onone";
			};
			name = Debug;
		};
		4D71FFFE27608B8D00A08F36 /* Release */ = {
			isa = XCBuildConfiguration;
			buildSettings = {
				ALWAYS_SEARCH_USER_PATHS = NO;
				CLANG_ANALYZER_NONNULL = YES;
				CLANG_ANALYZER_NUMBER_OBJECT_CONVERSION = YES_AGGRESSIVE;
				CLANG_CXX_LANGUAGE_STANDARD = "gnu++17";
				CLANG_CXX_LIBRARY = "libc++";
				CLANG_ENABLE_MODULES = YES;
				CLANG_ENABLE_OBJC_ARC = YES;
				CLANG_ENABLE_OBJC_WEAK = YES;
				CLANG_WARN_BLOCK_CAPTURE_AUTORELEASING = YES;
				CLANG_WARN_BOOL_CONVERSION = YES;
				CLANG_WARN_COMMA = YES;
				CLANG_WARN_CONSTANT_CONVERSION = YES;
				CLANG_WARN_DEPRECATED_OBJC_IMPLEMENTATIONS = YES;
				CLANG_WARN_DIRECT_OBJC_ISA_USAGE = YES_ERROR;
				CLANG_WARN_DOCUMENTATION_COMMENTS = YES;
				CLANG_WARN_EMPTY_BODY = YES;
				CLANG_WARN_ENUM_CONVERSION = YES;
				CLANG_WARN_INFINITE_RECURSION = YES;
				CLANG_WARN_INT_CONVERSION = YES;
				CLANG_WARN_NON_LITERAL_NULL_CONVERSION = YES;
				CLANG_WARN_OBJC_IMPLICIT_RETAIN_SELF = YES;
				CLANG_WARN_OBJC_LITERAL_CONVERSION = YES;
				CLANG_WARN_OBJC_ROOT_CLASS = YES_ERROR;
				CLANG_WARN_QUOTED_INCLUDE_IN_FRAMEWORK_HEADER = YES;
				CLANG_WARN_RANGE_LOOP_ANALYSIS = YES;
				CLANG_WARN_STRICT_PROTOTYPES = YES;
				CLANG_WARN_SUSPICIOUS_MOVE = YES;
				CLANG_WARN_UNGUARDED_AVAILABILITY = YES_AGGRESSIVE;
				CLANG_WARN_UNREACHABLE_CODE = YES;
				CLANG_WARN__DUPLICATE_METHOD_MATCH = YES;
				COPY_PHASE_STRIP = NO;
				DEBUG_INFORMATION_FORMAT = "dwarf-with-dsym";
				ENABLE_NS_ASSERTIONS = NO;
				ENABLE_STRICT_OBJC_MSGSEND = YES;
				GCC_C_LANGUAGE_STANDARD = gnu11;
				GCC_NO_COMMON_BLOCKS = YES;
				GCC_WARN_64_TO_32_BIT_CONVERSION = YES;
				GCC_WARN_ABOUT_RETURN_TYPE = YES_ERROR;
				GCC_WARN_UNDECLARED_SELECTOR = YES;
				GCC_WARN_UNINITIALIZED_AUTOS = YES_AGGRESSIVE;
				GCC_WARN_UNUSED_FUNCTION = YES;
				GCC_WARN_UNUSED_VARIABLE = YES;
				IPHONEOS_DEPLOYMENT_TARGET = 15.2;
				MTL_ENABLE_DEBUG_INFO = NO;
				MTL_FAST_MATH = YES;
				SDKROOT = iphoneos;
				SWIFT_COMPILATION_MODE = wholemodule;
				SWIFT_OPTIMIZATION_LEVEL = "-O";
				VALIDATE_PRODUCT = YES;
			};
			name = Release;
		};
/* End XCBuildConfiguration section */

/* Begin XCConfigurationList section */
		4D71FFE727608B8C00A08F36 /* Build configuration list for PBXProject "Real Estate App" */ = {
			isa = XCConfigurationList;
			buildConfigurations = (
				4D71FFFD27608B8D00A08F36 /* Debug */,
				4D71FFFE27608B8D00A08F36 /* Release */,
			);
			defaultConfigurationIsVisible = 0;
			defaultConfigurationName = Release;
		};
		4D71FFFF27608B8D00A08F36 /* Build configuration list for PBXNativeTarget "Real Estate App" */ = {
			isa = XCConfigurationList;
			buildConfigurations = (
				4D71000027608B8D00A08F36 /* Debug */,
				4D71000127608B8D00A08F36 /* Release */,
			);
			defaultConfigurationIsVisible = 0;
			defaultConfigurationName = Release;
		};
/* End XCConfigurationList section */

/* Begin XCVersionGroup section */
		4DBEE31E2775364500FB6338 /* Real Estate App.xcdatamodeld */ = {
			isa = XCVersionGroup;
			children = (
				4DBEE31F2775364500FB6338 /* Real Estate App.xcdatamodel */,
			);
			currentVersion = 4DBEE31F2775364500FB6338 /* Real Estate App.xcdatamodel */;
			path = "Real Estate App.xcdatamodeld";
			sourceTree = "<group>";
			versionGroupType = wrapper.xcdatamodel;
		};
/* End XCVersionGroup section */
	};
	rootObject = 4D71FFE427608B8C00A08F36 /* Project object */;
}
